dependencies:
  idf:
    component_hash: null
    source:
      type: idf
    version: 5.1.0
  lvgl/lvgl:
    component_hash: 1b50316b27a2a46269a1334b90a2cfc690ac8173f346d6e4992188add7971b79
    source:
      service_url: https://api.components.espressif.com/
      type: service
    version: 8.3.7
manifest_hash: 2ea9eb1bb15cf294fcb8f63856e213549427c32587681877dd71f078aa1c9f28
target: esp32
version: 1.0.0
